
Microsoft Visual Studio Solution File, Format Version 12.00
# Visual Studio 2012
Project("{8BC9CEB8-8B4A-11D0-8D11-00A0C91BC942}") = "Server", "Server\Server.vcxproj", "{31407770-76FA-4E5D-8D5F-78BECAF0FCD2}"
EndProject
Project("{8BC9CEB8-8B4A-11D0-8D11-00A0C91BC942}") = "Client", "Client\Client.vcxproj", "{0F1C36F8-0DF1-4D8A-9635-938926FDBCCC}"
	ProjectSection(ProjectDependencies) = postProject
		{58CAC71F-5998-4DA8-B3FA-824A0813FA6C} = {58CAC71F-5998-4DA8-B3FA-824A0813FA6C}
		{83D3B948-A36A-41F5-A0B7-D55E613212B2} = {83D3B948-A36A-41F5-A0B7-D55E613212B2}
	EndProjectSection
EndProject
Project("{8BC9CEB8-8B4A-11D0-8D11-00A0C91BC942}") = "Networking", "Networking\Networking.vcxproj", "{58CAC71F-5998-4DA8-B3FA-824A0813FA6C}"
EndProject
Project("{8BC9CEB8-8B4A-11D0-8D11-00A0C91BC942}") = "Codec", "Codec\Codec.vcxproj", "{83D3B948-A36A-41F5-A0B7-D55E613212B2}"
EndProject
Project("{8BC9CEB8-8B4A-11D0-8D11-00A0C91BC942}") = "CodecExample", "CodecExample\CodecExample.vcxproj", "{F610AB38-E405-49D8-AC89-2076F785533B}"
EndProject
Project("{8BC9CEB8-8B4A-11D0-8D11-00A0C91BC942}") = "Stream", "Stream\Stream.vcxproj", "{22B4372B-2145-4252-AE77-B686974EA7B0}"
EndProject
Project("{262852C6-CD72-467D-83FE-5EEB1973A190}") = "WebClient", "WebClient\WebClient.jsproj", "{42621E09-6CF6-4F51-8193-2ECAD8F467FC}"
EndProject
Project("{8BC9CEB8-8B4A-11D0-8D11-00A0C91BC942}") = "RemoteOIS", "RemoteOIS\RemoteOIS.vcxproj", "{2F473BE3-7CF0-4B85-A88E-1E7D3E446B31}"
EndProject
Project("{8BC9CEB8-8B4A-11D0-8D11-00A0C91BC942}") = "ObjectBrowser", "ObjectBrowser\ObjectBrowser.vcxproj", "{4BA9B751-0C8D-409D-B519-A5B029ABCF10}"
	ProjectSection(ProjectDependencies) = postProject
		{83D3B948-A36A-41F5-A0B7-D55E613212B2} = {83D3B948-A36A-41F5-A0B7-D55E613212B2}
		{2F473BE3-7CF0-4B85-A88E-1E7D3E446B31} = {2F473BE3-7CF0-4B85-A88E-1E7D3E446B31}
	EndProjectSection
EndProject
Project("{8BC9CEB8-8B4A-11D0-8D11-00A0C91BC942}") = "SnS_Demo", "SnS_Demo\SnS_Demo.vcxproj", "{D16A9FD4-8516-4679-84CF-F8F25742D1EF}"
	ProjectSection(ProjectDependencies) = postProject
		{83D3B948-A36A-41F5-A0B7-D55E613212B2} = {83D3B948-A36A-41F5-A0B7-D55E613212B2}
		{2F473BE3-7CF0-4B85-A88E-1E7D3E446B31} = {2F473BE3-7CF0-4B85-A88E-1E7D3E446B31}
	EndProjectSection
EndProject
Global
	GlobalSection(SolutionConfigurationPlatforms) = preSolution
		Debug|Any CPU = Debug|Any CPU
		Debug|ARM = Debug|ARM
		Debug|Mixed Platforms = Debug|Mixed Platforms
		Debug|Win32 = Debug|Win32
		Debug|x64 = Debug|x64
		Debug|x86 = Debug|x86
		Release|Any CPU = Release|Any CPU
		Release|ARM = Release|ARM
		Release|Mixed Platforms = Release|Mixed Platforms
		Release|Win32 = Release|Win32
		Release|x64 = Release|x64
		Release|x86 = Release|x86
	EndGlobalSection
	GlobalSection(ProjectConfigurationPlatforms) = postSolution
		{31407770-76FA-4E5D-8D5F-78BECAF0FCD2}.Debug|Any CPU.ActiveCfg = Debug|Win32
		{31407770-76FA-4E5D-8D5F-78BECAF0FCD2}.Debug|ARM.ActiveCfg = Debug|Win32
		{31407770-76FA-4E5D-8D5F-78BECAF0FCD2}.Debug|Mixed Platforms.ActiveCfg = Debug|Win32
		{31407770-76FA-4E5D-8D5F-78BECAF0FCD2}.Debug|Mixed Platforms.Build.0 = Debug|Win32
		{31407770-76FA-4E5D-8D5F-78BECAF0FCD2}.Debug|Win32.ActiveCfg = Debug|Win32
		{31407770-76FA-4E5D-8D5F-78BECAF0FCD2}.Debug|Win32.Build.0 = Debug|Win32
		{31407770-76FA-4E5D-8D5F-78BECAF0FCD2}.Debug|x64.ActiveCfg = Debug|Win32
		{31407770-76FA-4E5D-8D5F-78BECAF0FCD2}.Debug|x86.ActiveCfg = Debug|Win32
		{31407770-76FA-4E5D-8D5F-78BECAF0FCD2}.Debug|x86.Build.0 = Debug|Win32
		{31407770-76FA-4E5D-8D5F-78BECAF0FCD2}.Release|Any CPU.ActiveCfg = Release|Win32
		{31407770-76FA-4E5D-8D5F-78BECAF0FCD2}.Release|ARM.ActiveCfg = Release|Win32
		{31407770-76FA-4E5D-8D5F-78BECAF0FCD2}.Release|Mixed Platforms.ActiveCfg = Release|Win32
		{31407770-76FA-4E5D-8D5F-78BECAF0FCD2}.Release|Mixed Platforms.Build.0 = Release|Win32
		{31407770-76FA-4E5D-8D5F-78BECAF0FCD2}.Release|Win32.ActiveCfg = Release|Win32
		{31407770-76FA-4E5D-8D5F-78BECAF0FCD2}.Release|Win32.Build.0 = Release|Win32
		{31407770-76FA-4E5D-8D5F-78BECAF0FCD2}.Release|x64.ActiveCfg = Release|Win32
		{31407770-76FA-4E5D-8D5F-78BECAF0FCD2}.Release|x86.ActiveCfg = Release|Win32
		{31407770-76FA-4E5D-8D5F-78BECAF0FCD2}.Release|x86.Build.0 = Release|Win32
		{0F1C36F8-0DF1-4D8A-9635-938926FDBCCC}.Debug|Any CPU.ActiveCfg = Debug|Win32
		{0F1C36F8-0DF1-4D8A-9635-938926FDBCCC}.Debug|ARM.ActiveCfg = Debug|Win32
		{0F1C36F8-0DF1-4D8A-9635-938926FDBCCC}.Debug|Mixed Platforms.ActiveCfg = Debug|Win32
		{0F1C36F8-0DF1-4D8A-9635-938926FDBCCC}.Debug|Mixed Platforms.Build.0 = Debug|Win32
		{0F1C36F8-0DF1-4D8A-9635-938926FDBCCC}.Debug|Win32.ActiveCfg = Debug|Win32
		{0F1C36F8-0DF1-4D8A-9635-938926FDBCCC}.Debug|Win32.Build.0 = Debug|Win32
		{0F1C36F8-0DF1-4D8A-9635-938926FDBCCC}.Debug|x64.ActiveCfg = Debug|Win32
		{0F1C36F8-0DF1-4D8A-9635-938926FDBCCC}.Debug|x86.ActiveCfg = Debug|Win32
		{0F1C36F8-0DF1-4D8A-9635-938926FDBCCC}.Debug|x86.Build.0 = Debug|Win32
		{0F1C36F8-0DF1-4D8A-9635-938926FDBCCC}.Release|Any CPU.ActiveCfg = Release|Win32
		{0F1C36F8-0DF1-4D8A-9635-938926FDBCCC}.Release|ARM.ActiveCfg = Release|Win32
		{0F1C36F8-0DF1-4D8A-9635-938926FDBCCC}.Release|Mixed Platforms.ActiveCfg = Release|Win32
		{0F1C36F8-0DF1-4D8A-9635-938926FDBCCC}.Release|Mixed Platforms.Build.0 = Release|Win32
		{0F1C36F8-0DF1-4D8A-9635-938926FDBCCC}.Release|Win32.ActiveCfg = Release|Win32
		{0F1C36F8-0DF1-4D8A-9635-938926FDBCCC}.Release|Win32.Build.0 = Release|Win32
		{0F1C36F8-0DF1-4D8A-9635-938926FDBCCC}.Release|x64.ActiveCfg = Release|Win32
		{0F1C36F8-0DF1-4D8A-9635-938926FDBCCC}.Release|x86.ActiveCfg = Release|Win32
		{0F1C36F8-0DF1-4D8A-9635-938926FDBCCC}.Release|x86.Build.0 = Release|Win32
		{58CAC71F-5998-4DA8-B3FA-824A0813FA6C}.Debug|Any CPU.ActiveCfg = Debug|Win32
		{58CAC71F-5998-4DA8-B3FA-824A0813FA6C}.Debug|ARM.ActiveCfg = Debug|Win32
		{58CAC71F-5998-4DA8-B3FA-824A0813FA6C}.Debug|Mixed Platforms.ActiveCfg = Debug|Win32
		{58CAC71F-5998-4DA8-B3FA-824A0813FA6C}.Debug|Mixed Platforms.Build.0 = Debug|Win32
		{58CAC71F-5998-4DA8-B3FA-824A0813FA6C}.Debug|Win32.ActiveCfg = Debug|Win32
		{58CAC71F-5998-4DA8-B3FA-824A0813FA6C}.Debug|Win32.Build.0 = Debug|Win32
		{58CAC71F-5998-4DA8-B3FA-824A0813FA6C}.Debug|x64.ActiveCfg = Debug|Win32
		{58CAC71F-5998-4DA8-B3FA-824A0813FA6C}.Debug|x86.ActiveCfg = Debug|Win32
		{58CAC71F-5998-4DA8-B3FA-824A0813FA6C}.Debug|x86.Build.0 = Debug|Win32
		{58CAC71F-5998-4DA8-B3FA-824A0813FA6C}.Release|Any CPU.ActiveCfg = Release|Win32
		{58CAC71F-5998-4DA8-B3FA-824A0813FA6C}.Release|ARM.ActiveCfg = Release|Win32
		{58CAC71F-5998-4DA8-B3FA-824A0813FA6C}.Release|Mixed Platforms.ActiveCfg = Release|Win32
		{58CAC71F-5998-4DA8-B3FA-824A0813FA6C}.Release|Mixed Platforms.Build.0 = Release|Win32
		{58CAC71F-5998-4DA8-B3FA-824A0813FA6C}.Release|Win32.ActiveCfg = Release|Win32
		{58CAC71F-5998-4DA8-B3FA-824A0813FA6C}.Release|Win32.Build.0 = Release|Win32
		{58CAC71F-5998-4DA8-B3FA-824A0813FA6C}.Release|x64.ActiveCfg = Release|Win32
		{58CAC71F-5998-4DA8-B3FA-824A0813FA6C}.Release|x86.ActiveCfg = Release|Win32
		{58CAC71F-5998-4DA8-B3FA-824A0813FA6C}.Release|x86.Build.0 = Release|Win32
		{83D3B948-A36A-41F5-A0B7-D55E613212B2}.Debug|Any CPU.ActiveCfg = Debug|Win32
		{83D3B948-A36A-41F5-A0B7-D55E613212B2}.Debug|ARM.ActiveCfg = Debug|Win32
		{83D3B948-A36A-41F5-A0B7-D55E613212B2}.Debug|Mixed Platforms.ActiveCfg = Debug|Win32
		{83D3B948-A36A-41F5-A0B7-D55E613212B2}.Debug|Mixed Platforms.Build.0 = Debug|Win32
		{83D3B948-A36A-41F5-A0B7-D55E613212B2}.Debug|Win32.ActiveCfg = Debug|Win32
		{83D3B948-A36A-41F5-A0B7-D55E613212B2}.Debug|Win32.Build.0 = Debug|Win32
		{83D3B948-A36A-41F5-A0B7-D55E613212B2}.Debug|x64.ActiveCfg = Debug|Win32
		{83D3B948-A36A-41F5-A0B7-D55E613212B2}.Debug|x86.ActiveCfg = Debug|Win32
		{83D3B948-A36A-41F5-A0B7-D55E613212B2}.Debug|x86.Build.0 = Debug|Win32
		{83D3B948-A36A-41F5-A0B7-D55E613212B2}.Release|Any CPU.ActiveCfg = Release|Win32
		{83D3B948-A36A-41F5-A0B7-D55E613212B2}.Release|ARM.ActiveCfg = Release|Win32
		{83D3B948-A36A-41F5-A0B7-D55E613212B2}.Release|Mixed Platforms.ActiveCfg = Release|Win32
		{83D3B948-A36A-41F5-A0B7-D55E613212B2}.Release|Mixed Platforms.Build.0 = Release|Win32
		{83D3B948-A36A-41F5-A0B7-D55E613212B2}.Release|Win32.ActiveCfg = Release|Win32
		{83D3B948-A36A-41F5-A0B7-D55E613212B2}.Release|Win32.Build.0 = Release|Win32
		{83D3B948-A36A-41F5-A0B7-D55E613212B2}.Release|x64.ActiveCfg = Release|Win32
		{83D3B948-A36A-41F5-A0B7-D55E613212B2}.Release|x86.ActiveCfg = Release|Win32
		{83D3B948-A36A-41F5-A0B7-D55E613212B2}.Release|x86.Build.0 = Release|Win32
		{F610AB38-E405-49D8-AC89-2076F785533B}.Debug|Any CPU.ActiveCfg = Debug|Win32
		{F610AB38-E405-49D8-AC89-2076F785533B}.Debug|ARM.ActiveCfg = Debug|Win32
		{F610AB38-E405-49D8-AC89-2076F785533B}.Debug|Mixed Platforms.ActiveCfg = Debug|Win32
		{F610AB38-E405-49D8-AC89-2076F785533B}.Debug|Mixed Platforms.Build.0 = Debug|Win32
		{F610AB38-E405-49D8-AC89-2076F785533B}.Debug|Win32.ActiveCfg = Debug|Win32
		{F610AB38-E405-49D8-AC89-2076F785533B}.Debug|Win32.Build.0 = Debug|Win32
		{F610AB38-E405-49D8-AC89-2076F785533B}.Debug|x64.ActiveCfg = Debug|Win32
		{F610AB38-E405-49D8-AC89-2076F785533B}.Debug|x86.ActiveCfg = Debug|Win32
		{F610AB38-E405-49D8-AC89-2076F785533B}.Debug|x86.Build.0 = Debug|Win32
		{F610AB38-E405-49D8-AC89-2076F785533B}.Release|Any CPU.ActiveCfg = Release|Win32
		{F610AB38-E405-49D8-AC89-2076F785533B}.Release|ARM.ActiveCfg = Release|Win32
		{F610AB38-E405-49D8-AC89-2076F785533B}.Release|Mixed Platforms.ActiveCfg = Release|Win32
		{F610AB38-E405-49D8-AC89-2076F785533B}.Release|Mixed Platforms.Build.0 = Release|Win32
		{F610AB38-E405-49D8-AC89-2076F785533B}.Release|Win32.ActiveCfg = Release|Win32
		{F610AB38-E405-49D8-AC89-2076F785533B}.Release|Win32.Build.0 = Release|Win32
		{F610AB38-E405-49D8-AC89-2076F785533B}.Release|x64.ActiveCfg = Release|Win32
		{F610AB38-E405-49D8-AC89-2076F785533B}.Release|x86.ActiveCfg = Release|Win32
		{F610AB38-E405-49D8-AC89-2076F785533B}.Release|x86.Build.0 = Release|Win32
		{22B4372B-2145-4252-AE77-B686974EA7B0}.Debug|Any CPU.ActiveCfg = Debug|Win32
		{22B4372B-2145-4252-AE77-B686974EA7B0}.Debug|ARM.ActiveCfg = Debug|Win32
		{22B4372B-2145-4252-AE77-B686974EA7B0}.Debug|Mixed Platforms.ActiveCfg = Debug|Win32
		{22B4372B-2145-4252-AE77-B686974EA7B0}.Debug|Mixed Platforms.Build.0 = Debug|Win32
		{22B4372B-2145-4252-AE77-B686974EA7B0}.Debug|Win32.ActiveCfg = Debug|Win32
		{22B4372B-2145-4252-AE77-B686974EA7B0}.Debug|Win32.Build.0 = Debug|Win32
		{22B4372B-2145-4252-AE77-B686974EA7B0}.Debug|x64.ActiveCfg = Debug|Win32
		{22B4372B-2145-4252-AE77-B686974EA7B0}.Debug|x86.ActiveCfg = Debug|Win32
		{22B4372B-2145-4252-AE77-B686974EA7B0}.Debug|x86.Build.0 = Debug|Win32
		{22B4372B-2145-4252-AE77-B686974EA7B0}.Release|Any CPU.ActiveCfg = Release|Win32
		{22B4372B-2145-4252-AE77-B686974EA7B0}.Release|ARM.ActiveCfg = Release|Win32
		{22B4372B-2145-4252-AE77-B686974EA7B0}.Release|Mixed Platforms.ActiveCfg = Release|Win32
		{22B4372B-2145-4252-AE77-B686974EA7B0}.Release|Mixed Platforms.Build.0 = Release|Win32
		{22B4372B-2145-4252-AE77-B686974EA7B0}.Release|Win32.ActiveCfg = Release|Win32
		{22B4372B-2145-4252-AE77-B686974EA7B0}.Release|Win32.Build.0 = Release|Win32
		{22B4372B-2145-4252-AE77-B686974EA7B0}.Release|x64.ActiveCfg = Release|Win32
		{22B4372B-2145-4252-AE77-B686974EA7B0}.Release|x86.ActiveCfg = Release|Win32
		{22B4372B-2145-4252-AE77-B686974EA7B0}.Release|x86.Build.0 = Release|Win32
		{42621E09-6CF6-4F51-8193-2ECAD8F467FC}.Debug|Any CPU.ActiveCfg = Debug|Any CPU
		{42621E09-6CF6-4F51-8193-2ECAD8F467FC}.Debug|Any CPU.Build.0 = Debug|Any CPU
		{42621E09-6CF6-4F51-8193-2ECAD8F467FC}.Debug|Any CPU.Deploy.0 = Debug|Any CPU
		{42621E09-6CF6-4F51-8193-2ECAD8F467FC}.Debug|ARM.ActiveCfg = Debug|ARM
		{42621E09-6CF6-4F51-8193-2ECAD8F467FC}.Debug|ARM.Build.0 = Debug|ARM
		{42621E09-6CF6-4F51-8193-2ECAD8F467FC}.Debug|ARM.Deploy.0 = Debug|ARM
		{42621E09-6CF6-4F51-8193-2ECAD8F467FC}.Debug|Mixed Platforms.ActiveCfg = Debug|x86
		{42621E09-6CF6-4F51-8193-2ECAD8F467FC}.Debug|Win32.ActiveCfg = Debug|x86
		{42621E09-6CF6-4F51-8193-2ECAD8F467FC}.Debug|Win32.Build.0 = Debug|x86
		{42621E09-6CF6-4F51-8193-2ECAD8F467FC}.Debug|Win32.Deploy.0 = Debug|x86
		{42621E09-6CF6-4F51-8193-2ECAD8F467FC}.Debug|x64.ActiveCfg = Debug|x64
		{42621E09-6CF6-4F51-8193-2ECAD8F467FC}.Debug|x64.Build.0 = Debug|x64
		{42621E09-6CF6-4F51-8193-2ECAD8F467FC}.Debug|x64.Deploy.0 = Debug|x64
		{42621E09-6CF6-4F51-8193-2ECAD8F467FC}.Debug|x86.ActiveCfg = Debug|x86
		{42621E09-6CF6-4F51-8193-2ECAD8F467FC}.Debug|x86.Build.0 = Debug|x86
		{42621E09-6CF6-4F51-8193-2ECAD8F467FC}.Debug|x86.Deploy.0 = Debug|x86
		{42621E09-6CF6-4F51-8193-2ECAD8F467FC}.Release|Any CPU.ActiveCfg = Release|Any CPU
		{42621E09-6CF6-4F51-8193-2ECAD8F467FC}.Release|Any CPU.Build.0 = Release|Any CPU
		{42621E09-6CF6-4F51-8193-2ECAD8F467FC}.Release|Any CPU.Deploy.0 = Release|Any CPU
		{42621E09-6CF6-4F51-8193-2ECAD8F467FC}.Release|ARM.ActiveCfg = Release|ARM
		{42621E09-6CF6-4F51-8193-2ECAD8F467FC}.Release|ARM.Build.0 = Release|ARM
		{42621E09-6CF6-4F51-8193-2ECAD8F467FC}.Release|ARM.Deploy.0 = Release|ARM
		{42621E09-6CF6-4F51-8193-2ECAD8F467FC}.Release|Mixed Platforms.ActiveCfg = Release|x86
		{42621E09-6CF6-4F51-8193-2ECAD8F467FC}.Release|Win32.ActiveCfg = Release|x86
		{42621E09-6CF6-4F51-8193-2ECAD8F467FC}.Release|Win32.Build.0 = Release|x86
		{42621E09-6CF6-4F51-8193-2ECAD8F467FC}.Release|Win32.Deploy.0 = Release|x86
		{42621E09-6CF6-4F51-8193-2ECAD8F467FC}.Release|x64.ActiveCfg = Release|x64
		{42621E09-6CF6-4F51-8193-2ECAD8F467FC}.Release|x64.Build.0 = Release|x64
		{42621E09-6CF6-4F51-8193-2ECAD8F467FC}.Release|x64.Deploy.0 = Release|x64
		{42621E09-6CF6-4F51-8193-2ECAD8F467FC}.Release|x86.ActiveCfg = Release|x86
		{42621E09-6CF6-4F51-8193-2ECAD8F467FC}.Release|x86.Build.0 = Release|x86
		{42621E09-6CF6-4F51-8193-2ECAD8F467FC}.Release|x86.Deploy.0 = Release|x86
		{2F473BE3-7CF0-4B85-A88E-1E7D3E446B31}.Debug|Any CPU.ActiveCfg = Debug|Win32
		{2F473BE3-7CF0-4B85-A88E-1E7D3E446B31}.Debug|ARM.ActiveCfg = Debug|Win32
		{2F473BE3-7CF0-4B85-A88E-1E7D3E446B31}.Debug|Mixed Platforms.ActiveCfg = DebugDLL|Win32
		{2F473BE3-7CF0-4B85-A88E-1E7D3E446B31}.Debug|Mixed Platforms.Build.0 = DebugDLL|Win32
		{2F473BE3-7CF0-4B85-A88E-1E7D3E446B31}.Debug|Win32.ActiveCfg = Debug|Win32
		{2F473BE3-7CF0-4B85-A88E-1E7D3E446B31}.Debug|Win32.Build.0 = Debug|Win32
		{2F473BE3-7CF0-4B85-A88E-1E7D3E446B31}.Debug|x64.ActiveCfg = Debug|Win32
		{2F473BE3-7CF0-4B85-A88E-1E7D3E446B31}.Debug|x86.ActiveCfg = Debug|Win32
		{2F473BE3-7CF0-4B85-A88E-1E7D3E446B31}.Debug|x86.Build.0 = Debug|Win32
		{2F473BE3-7CF0-4B85-A88E-1E7D3E446B31}.Release|Any CPU.ActiveCfg = Release|Win32
		{2F473BE3-7CF0-4B85-A88E-1E7D3E446B31}.Release|ARM.ActiveCfg = Release|Win32
		{2F473BE3-7CF0-4B85-A88E-1E7D3E446B31}.Release|Mixed Platforms.ActiveCfg = ReleaseDLL|Win32
		{2F473BE3-7CF0-4B85-A88E-1E7D3E446B31}.Release|Mixed Platforms.Build.0 = ReleaseDLL|Win32
		{2F473BE3-7CF0-4B85-A88E-1E7D3E446B31}.Release|Win32.ActiveCfg = Release|Win32
		{2F473BE3-7CF0-4B85-A88E-1E7D3E446B31}.Release|Win32.Build.0 = Release|Win32
		{2F473BE3-7CF0-4B85-A88E-1E7D3E446B31}.Release|x64.ActiveCfg = Release|Win32
		{2F473BE3-7CF0-4B85-A88E-1E7D3E446B31}.Release|x86.ActiveCfg = Release|Win32
		{2F473BE3-7CF0-4B85-A88E-1E7D3E446B31}.Release|x86.Build.0 = Release|Win32
		{4BA9B751-0C8D-409D-B519-A5B029ABCF10}.Debug|Any CPU.ActiveCfg = Debug|Win32
		{4BA9B751-0C8D-409D-B519-A5B029ABCF10}.Debug|ARM.ActiveCfg = Debug|Win32
		{4BA9B751-0C8D-409D-B519-A5B029ABCF10}.Debug|Mixed Platforms.ActiveCfg = Debug|Win32
		{4BA9B751-0C8D-409D-B519-A5B029ABCF10}.Debug|Mixed Platforms.Build.0 = Debug|Win32
		{4BA9B751-0C8D-409D-B519-A5B029ABCF10}.Debug|Win32.ActiveCfg = Debug|Win32
		{4BA9B751-0C8D-409D-B519-A5B029ABCF10}.Debug|Win32.Build.0 = Debug|Win32
		{4BA9B751-0C8D-409D-B519-A5B029ABCF10}.Debug|x64.ActiveCfg = Debug|Win32
		{4BA9B751-0C8D-409D-B519-A5B029ABCF10}.Debug|x86.ActiveCfg = Debug|Win32
		{4BA9B751-0C8D-409D-B519-A5B029ABCF10}.Debug|x86.Build.0 = Debug|Win32
		{4BA9B751-0C8D-409D-B519-A5B029ABCF10}.Release|Any CPU.ActiveCfg = Release|Win32
		{4BA9B751-0C8D-409D-B519-A5B029ABCF10}.Release|ARM.ActiveCfg = Release|Win32
		{4BA9B751-0C8D-409D-B519-A5B029ABCF10}.Release|Mixed Platforms.ActiveCfg = Release|Win32
		{4BA9B751-0C8D-409D-B519-A5B029ABCF10}.Release|Mixed Platforms.Build.0 = Release|Win32
		{4BA9B751-0C8D-409D-B519-A5B029ABCF10}.Release|Win32.ActiveCfg = Release|Win32
		{4BA9B751-0C8D-409D-B519-A5B029ABCF10}.Release|Win32.Build.0 = Release|Win32
		{4BA9B751-0C8D-409D-B519-A5B029ABCF10}.Release|x64.ActiveCfg = Release|Win32
		{4BA9B751-0C8D-409D-B519-A5B029ABCF10}.Release|x86.ActiveCfg = Release|Win32
		{4BA9B751-0C8D-409D-B519-A5B029ABCF10}.Release|x86.Build.0 = Release|Win32
		{D16A9FD4-8516-4679-84CF-F8F25742D1EF}.Debug|Any CPU.ActiveCfg = Debug|Win32
		{D16A9FD4-8516-4679-84CF-F8F25742D1EF}.Debug|ARM.ActiveCfg = Debug|Win32
		{D16A9FD4-8516-4679-84CF-F8F25742D1EF}.Debug|Mixed Platforms.ActiveCfg = Debug|Win32
		{D16A9FD4-8516-4679-84CF-F8F25742D1EF}.Debug|Mixed Platforms.Build.0 = Debug|Win32
		{D16A9FD4-8516-4679-84CF-F8F25742D1EF}.Debug|Win32.ActiveCfg = Debug|Win32
		{D16A9FD4-8516-4679-84CF-F8F25742D1EF}.Debug|Win32.Build.0 = Debug|Win32
		{D16A9FD4-8516-4679-84CF-F8F25742D1EF}.Debug|x64.ActiveCfg = Debug|Win32
		{D16A9FD4-8516-4679-84CF-F8F25742D1EF}.Debug|x86.ActiveCfg = Debug|Win32
		{D16A9FD4-8516-4679-84CF-F8F25742D1EF}.Debug|x86.Build.0 = Debug|Win32
		{D16A9FD4-8516-4679-84CF-F8F25742D1EF}.Release|Any CPU.ActiveCfg = Release|Win32
		{D16A9FD4-8516-4679-84CF-F8F25742D1EF}.Release|ARM.ActiveCfg = Release|Win32
		{D16A9FD4-8516-4679-84CF-F8F25742D1EF}.Release|Mixed Platforms.ActiveCfg = Release|Win32
		{D16A9FD4-8516-4679-84CF-F8F25742D1EF}.Release|Mixed Platforms.Build.0 = Release|Win32
		{D16A9FD4-8516-4679-84CF-F8F25742D1EF}.Release|Win32.ActiveCfg = Release|Win32
		{D16A9FD4-8516-4679-84CF-F8F25742D1EF}.Release|Win32.Build.0 = Release|Win32
		{D16A9FD4-8516-4679-84CF-F8F25742D1EF}.Release|x64.ActiveCfg = Release|Win32
		{D16A9FD4-8516-4679-84CF-F8F25742D1EF}.Release|x86.ActiveCfg = Release|Win32
		{D16A9FD4-8516-4679-84CF-F8F25742D1EF}.Release|x86.Build.0 = Release|Win32
	EndGlobalSection
	GlobalSection(SolutionProperties) = preSolution
		HideSolutionNode = FALSE
	EndGlobalSection
EndGlobal
